hash: 650ea2727592cb83308f56973f526e8cf012a8b59f89d455b1fa9feddaf0675c
updated: 2017-08-12T23:08:58.457531541+02:00
imports:
- name: github.com/google/gopacket
  version: 8af772c0bcc826f671fd7c133917fec9686d720d
  subpackages:
  - layers
  - pcap
- name: github.com/hmadison/photon_spectator
  version: 73b24beeae720ceaeb737b6e17b6dc966d0c9e1d
- name: github.com/mitchellh/go-ps
  version: 4fdf99ab29366514c69ccccddab5dc58b8d84062
- name: github.com/mitchellh/mapstructure
  version: d0303fe809921458f417bcf828397a65db30a7e4
- name: github.com/pcdummy/go-githubupdate
  version: 254d343bc0ec7869462798ee14740dc365ddadb1
  subpackages:
  - updater
- name: github.com/shirou/gopsutil
  version: d573c8e3f1c5337585b0e285214e80df7429d8b5
  repo: https://github.com/gradiuscypher/gopsutil.git
  vcs: git
  subpackages:
  - internal/common
  - net
- name: github.com/Sirupsen/logrus
  version: a3f95b5c423586578a4e099b11a46c2479628cac
- name: golang.org/x/sys
  version: d8f5ea21b9295e315e612b4bcf4bedea93454d4d
  subpackages:
  - unix
  - windows
- name: golang.org/x/tools
  version: f03b3350b7d6cb09e4221e7f2ecffaf41f89fce1
  subpackages:
  - container/intsets
testImports: []
