hash: 94994c8ee7d7b6b349f6cd19641b5af4897e4bc73fa4c8e8e228fc8c8578057d
updated: 2017-08-03T22:50:31.75758105-07:00
imports:
- name: github.com/google/gopacket
  version: 8af772c0bcc826f671fd7c133917fec9686d720d
  subpackages:
  - layers
  - pcap
- name: github.com/hmadison/ao_spectator
  version: 432ca79d7f27055dfce78905d34a925ee950505d
  subpackages:
  - albion
  - photon
- name: github.com/mitchellh/go-ps
  version: 4fdf99ab29366514c69ccccddab5dc58b8d84062
- name: github.com/mitchellh/mapstructure
  version: d0303fe809921458f417bcf828397a65db30a7e4
- name: github.com/shirou/gopsutil
  version: 114c78c777eb86b58e40910cbd3fc451829c366d
  subpackages:
  - internal/common
  - net
- name: golang.org/x/sys
  version: d8f5ea21b9295e315e612b4bcf4bedea93454d4d
  subpackages:
  - unix
  - windows
- name: golang.org/x/tools
  version: a237aba5f578100f4f8419bbda73189b8e6dbae5
  subpackages:
  - container/intsets
testImports: []
