# This file is autogenerated, do not edit; changes may be undone by the next 'dep ensure'.


[[projects]]
  name = "github.com/Sirupsen/logrus"
  packages = ["."]
  revision = "d682213848ed68c0a260ca37d6dd5ace8423f5ba"
  version = "v1.0.4"

[[projects]]
  name = "github.com/blang/semver"
  packages = ["."]
  revision = "2ee87856327ba09384cabd113bc6b5d174e9ec0f"
  version = "v3.5.1"

[[projects]]
  name = "github.com/broderickhyman/go-githubupdate"
  packages = ["updater"]
  revision = "254d343bc0ec7869462798ee14740dc365ddadb1"
  version = "0.0.3"

[[projects]]
  name = "github.com/ctcpip/notifize"
  packages = ["."]
  revision = "89b506bbcaf11bc5ffd34e2ec1a1274f4e31147f"
  version = "v1.0.0"

[[projects]]
  branch = "master"
  name = "github.com/getlantern/context"
  packages = ["."]
  revision = "624d99b1798d7c5375ea1d3ca4c5b04d58f7c775"

[[projects]]
  branch = "master"
  name = "github.com/getlantern/errors"
  packages = ["."]
  revision = "99fa440517e8f3d1e4cd8d6dbed6b41f4c1ed3d6"

[[projects]]
  branch = "master"
  name = "github.com/getlantern/filepersist"
  packages = ["."]
  revision = "c5f0cd24e7991579ba6f5f1bd20a1ad2c9f06cd4"

[[projects]]
  branch = "master"
  name = "github.com/getlantern/golog"
  packages = ["."]
  revision = "cca714f7feb5df8e455f409b549d384441ac4578"

[[projects]]
  branch = "master"
  name = "github.com/getlantern/hex"
  packages = ["."]
  revision = "083fba3033ad473db3dd31c9bb368473d37581a7"

[[projects]]
  branch = "master"
  name = "github.com/getlantern/hidden"
  packages = ["."]
  revision = "d52a649ab33af200943bb599898dbdcfdbc94cb7"

[[projects]]
  branch = "master"
  name = "github.com/getlantern/ops"
  packages = ["."]
  revision = "b70875f5d689a9438bca72aefd7142a2af889b18"

[[projects]]
  name = "github.com/getlantern/stack"
  packages = ["."]
  revision = "ac4c579c437a23e1a15814c867ccb82122fb383b"
  version = "v1.5.0"

[[projects]]
  branch = "master"
  name = "github.com/getlantern/systray"
  packages = ["."]
  revision = "66e6fad5eea92d7adda31abfae7a5a52070dfae5"

[[projects]]
  branch = "master"
  name = "github.com/gonutz/w32"
  packages = ["."]
  revision = "6c6a6524af8dc8a64552e0b0932d0c90b8da2b9d"

[[projects]]
  branch = "master"
  name = "github.com/google/go-github"
  packages = ["github"]
  revision = "24139d56e97a44988087d461125ed6fab91c07ac"

[[projects]]
  branch = "master"
  name = "github.com/google/go-querystring"
  packages = ["query"]
  revision = "53e6ce116135b80d037921a7fdd5138cf32d7a8a"

[[projects]]
  name = "github.com/google/gopacket"
  packages = [
    ".",
    "layers",
    "pcap"
  ]
  revision = "8af772c0bcc826f671fd7c133917fec9686d720d"

[[projects]]
  name = "github.com/google/uuid"
  packages = ["."]
  revision = "064e2069ce9c359c118179501254f67d7d37ba24"
  version = "0.2"

[[projects]]
  name = "github.com/gorilla/websocket"
  packages = ["."]
  revision = "ea4d1f681babbce9545c9c5f3d5194a789c89f5b"
  version = "v1.2.0"

[[projects]]
  branch = "master"
  name = "github.com/hashicorp/golang-lru"
  packages = [
    ".",
    "simplelru"
  ]
  revision = "0a025b7e63adc15a622f29b0b2c4c3848243bbf6"

[[projects]]
  name = "github.com/hmadison/photon_spectator"
  packages = ["."]
  revision = "94fe7605ffc12ac4158486529df2415316e4ee4f"
  version = "1.0.0"

[[projects]]
  branch = "master"
  name = "github.com/kardianos/osext"
  packages = ["."]
  revision = "ae77be60afb1dcacde03767a8c37337fad28ac14"

[[projects]]
  branch = "master"
  name = "github.com/kr/binarydist"
  packages = ["."]
  revision = "3035450ff8b987ec4373f65c40767f096b35f2d2"

[[projects]]
  branch = "master"
  name = "github.com/mitchellh/go-ps"
  packages = ["."]
  revision = "4fdf99ab29366514c69ccccddab5dc58b8d84062"

[[projects]]
  branch = "master"
  name = "github.com/mitchellh/mapstructure"
  packages = ["."]
  revision = "d0303fe809921458f417bcf828397a65db30a7e4"

[[projects]]
  name = "github.com/nats-io/go-nats"
  packages = [
    ".",
    "encoders/builtin",
    "util"
  ]
  revision = "29f9728a183bf3fa7e809e14edac00b33be72088"
  version = "v1.3.0"

[[projects]]
  name = "github.com/nats-io/nuid"
  packages = ["."]
  revision = "289cccf02c178dc782430d534e3c1f5b72af807f"
  version = "v1.0.0"

[[projects]]
  branch = "master"
  name = "github.com/nu7hatch/gouuid"
  packages = ["."]
  revision = "179d4d0c4d8d407a32af483c2354df1d2c91e6c3"

[[projects]]
  branch = "master"
  name = "github.com/oxtoacart/bpool"
  packages = ["."]
  revision = "4e1c5567d7c2dd59fa4c7c83d34c2f3528b025d6"

[[projects]]
  name = "github.com/shirou/gopsutil"
  packages = [
    "internal/common",
    "net"
  ]
  revision = "d573c8e3f1c5337585b0e285214e80df7429d8b5"
  source = "https://github.com/gradiuscypher/gopsutil.git"

[[projects]]
  branch = "master"
  name = "golang.org/x/crypto"
  packages = ["ssh/terminal"]
  revision = "81e90905daefcd6fd217b62423c0908922eadb30"

[[projects]]
  branch = "master"
  name = "golang.org/x/sys"
  packages = [
    "unix",
    "windows"
  ]
  revision = "7ddbeae9ae08c6a06a59597f0c9edbc5ff2444ce"

[[projects]]
  branch = "master"
  name = "golang.org/x/tools"
  packages = ["container/intsets"]
  revision = "3b1faeda9afbcba128c2d794b38ffe7982141139"

[[projects]]
  branch = "v0"
  name = "gopkg.in/inconshreveable/go-update.v0"
  packages = [
    ".",
    "download"
  ]
  revision = "d8b0b1d421aa1cbf392c05869f8abbc669bb7066"

[[projects]]
  branch = "v1"
  name = "gopkg.in/toast.v1"
  packages = ["."]
  revision = "b700e246b8b6d3e13554091e540e1019e26389f1"

[solve-meta]
  analyzer-name = "dep"
  analyzer-version = 1
  inputs-digest = "4cd143122d5cd7020042c00ad7f514044ac4a44777f421910a7b5e9fb63b69ea"
  solver-name = "gps-cdcl"
  solver-version = 1
