# This file is autogenerated, do not edit; changes may be undone by the next 'dep ensure'.


[[projects]]
  name = "github.com/Sirupsen/logrus"
  packages = ["."]
  revision = "a3f95b5c423586578a4e099b11a46c2479628cac"
  version = "1.0.2"

[[projects]]
  name = "github.com/blang/semver"
  packages = ["."]
  revision = "2ee87856327ba09384cabd113bc6b5d174e9ec0f"
  version = "v3.5.1"

[[projects]]
  branch = "master"
  name = "github.com/getlantern/context"
  packages = ["."]
  revision = "624d99b1798d7c5375ea1d3ca4c5b04d58f7c775"

[[projects]]
  branch = "master"
  name = "github.com/getlantern/errors"
  packages = ["."]
  revision = "99fa440517e8f3d1e4cd8d6dbed6b41f4c1ed3d6"

[[projects]]
  branch = "master"
  name = "github.com/getlantern/filepersist"
  packages = ["."]
  revision = "c5f0cd24e7991579ba6f5f1bd20a1ad2c9f06cd4"

[[projects]]
  branch = "master"
  name = "github.com/getlantern/golog"
  packages = ["."]
  revision = "cca714f7feb5df8e455f409b549d384441ac4578"

[[projects]]
  branch = "master"
  name = "github.com/getlantern/hex"
  packages = ["."]
  revision = "083fba3033ad473db3dd31c9bb368473d37581a7"

[[projects]]
  branch = "master"
  name = "github.com/getlantern/hidden"
  packages = ["."]
  revision = "d52a649ab33af200943bb599898dbdcfdbc94cb7"

[[projects]]
  branch = "master"
  name = "github.com/getlantern/ops"
  packages = ["."]
  revision = "b70875f5d689a9438bca72aefd7142a2af889b18"

[[projects]]
  name = "github.com/getlantern/stack"
  packages = ["."]
  revision = "ac4c579c437a23e1a15814c867ccb82122fb383b"
  version = "v1.5.0"

[[projects]]
  branch = "master"
  name = "github.com/getlantern/systray"
  packages = ["."]
  revision = "66e6fad5eea92d7adda31abfae7a5a52070dfae5"

[[projects]]
  branch = "master"
  name = "github.com/golang/protobuf"
  packages = ["proto"]
  revision = "1909bc2f63dc92bb931deace8b8312c4db72d12f"

[[projects]]
  branch = "master"
  name = "github.com/gonutz/w32"
  packages = ["."]
  revision = "6c6a6524af8dc8a64552e0b0932d0c90b8da2b9d"

[[projects]]
  branch = "master"
  name = "github.com/google/go-github"
  packages = ["github"]
  revision = "6afafa88c26eb51b33a8307c944bd2f0ef227af7"

[[projects]]
  branch = "master"
  name = "github.com/google/go-querystring"
  packages = ["query"]
  revision = "53e6ce116135b80d037921a7fdd5138cf32d7a8a"

[[projects]]
  name = "github.com/google/gopacket"
  packages = [".","layers","pcap"]
  revision = "8af772c0bcc826f671fd7c133917fec9686d720d"

[[projects]]
  branch = "master"
  name = "github.com/hashicorp/golang-lru"
  packages = [".","simplelru"]
  revision = "0a025b7e63adc15a622f29b0b2c4c3848243bbf6"

[[projects]]
  name = "github.com/hmadison/photon_spectator"
  packages = ["."]
  revision = "94fe7605ffc12ac4158486529df2415316e4ee4f"
  version = "1.0.0"

[[projects]]
  branch = "master"
  name = "github.com/kardianos/osext"
  packages = ["."]
  revision = "ae77be60afb1dcacde03767a8c37337fad28ac14"

[[projects]]
  branch = "master"
  name = "github.com/kr/binarydist"
  packages = ["."]
  revision = "3035450ff8b987ec4373f65c40767f096b35f2d2"

[[projects]]
  branch = "master"
  name = "github.com/mitchellh/go-ps"
  packages = ["."]
  revision = "4fdf99ab29366514c69ccccddab5dc58b8d84062"

[[projects]]
  branch = "master"
  name = "github.com/mitchellh/mapstructure"
  packages = ["."]
  revision = "d0303fe809921458f417bcf828397a65db30a7e4"

[[projects]]
  name = "github.com/nats-io/go-nats"
  packages = [".","encoders/builtin","util"]
  revision = "29f9728a183bf3fa7e809e14edac00b33be72088"
  version = "v1.3.0"

[[projects]]
  name = "github.com/nats-io/nuid"
  packages = ["."]
  revision = "289cccf02c178dc782430d534e3c1f5b72af807f"
  version = "v1.0.0"

[[projects]]
  branch = "master"
  name = "github.com/oxtoacart/bpool"
  packages = ["."]
  revision = "4e1c5567d7c2dd59fa4c7c83d34c2f3528b025d6"

[[projects]]
  name = "github.com/pcdummy/go-githubupdate"
  packages = ["updater"]
  revision = "254d343bc0ec7869462798ee14740dc365ddadb1"
  version = "0.0.3"

[[projects]]
  branch = "master"
  name = "github.com/shirou/gopsutil"
  packages = ["internal/common","net"]
  revision = "d573c8e3f1c5337585b0e285214e80df7429d8b5"
  source = "https://github.com/gradiuscypher/gopsutil.git"

[[projects]]
  branch = "master"
  name = "golang.org/x/net"
  packages = ["context"]
  revision = "1c05540f6879653db88113bc4a2b70aec4bd491f"

[[projects]]
  name = "golang.org/x/sys"
  packages = ["unix","windows"]
  revision = "d8f5ea21b9295e315e612b4bcf4bedea93454d4d"

[[projects]]
  name = "golang.org/x/tools"
  packages = ["container/intsets"]
  revision = "f03b3350b7d6cb09e4221e7f2ecffaf41f89fce1"

[[projects]]
  name = "google.golang.org/appengine"
  packages = [".","internal","internal/app_identity","internal/base","internal/datastore","internal/log","internal/modules","internal/remote_api"]
  revision = "150dc57a1b433e64154302bdc40b6bb8aefa313a"
  version = "v1.0.0"

[[projects]]
  branch = "v0"
  name = "gopkg.in/inconshreveable/go-update.v0"
  packages = [".","download"]
  revision = "d8b0b1d421aa1cbf392c05869f8abbc669bb7066"

[solve-meta]
  analyzer-name = "dep"
  analyzer-version = 1
  inputs-digest = "18fd65ec36f21779770bfc4592b146b3e296b1ba2f48aa330a12d2cc4617327b"
  solver-name = "gps-cdcl"
  solver-version = 1
