# This file is autogenerated, do not edit; changes may be undone by the next 'dep ensure'.


[[projects]]
  digest = "1:2f8f9b60ebe029a83f92a7549926145eb6014c01d256946058a5a8768efd4522"
  name = "github.com/Sirupsen/logrus"
  packages = ["."]
  pruneopts = ""
  revision = "6699a89a232f3db797f2e280639854bbc4b89725"
  version = "v1.7.0"

[[projects]]
  digest = "1:e8c31801196651ec9eabdf303338a15e7ae625b9e3fc016557f764a3f2b2a2d3"
  name = "github.com/blang/semver"
  packages = ["."]
  pruneopts = ""
  revision = "af3461a9cbcf1f3f5889d21b83f5ef63880c33a8"
  version = "v4.0.0"

[[projects]]
  branch = "master"
  digest = "1:e6fca0113da613c162b89bb0957df147a929114ca09fa5a376c436dd3300f925"
  name = "github.com/broderickhyman/go-githubupdate"
  packages = ["updater"]
  pruneopts = ""
  revision = "b14227e13eadbe9376f28ec9189a9b55c0090637"

[[projects]]
  branch = "master"
  digest = "1:d2e8a81837826843cfbcb81f6ba1925f03cc640f7976f3f84f1a8c01ca561d92"
  name = "github.com/broderickhyman/photon_spectator"
  packages = ["."]
  pruneopts = ""
  revision = "713aea094aa8d113e3a5189c30a85ab37cccdb34"

[[projects]]
  digest = "1:197f25352dfa4d336e099f3300eade87b04b534c4ae96e41f0fe7644d2b19f3c"
  name = "github.com/ctcpip/notifize"
  packages = ["."]
  pruneopts = ""
  revision = "89b506bbcaf11bc5ffd34e2ec1a1274f4e31147f"
  version = "v1.0.0"

[[projects]]
  digest = "1:e47ef65c4d3a37884ab29fb4b5c31e826c8fba04caf81da45607d3fba022f7d7"
  name = "github.com/fsnotify/fsnotify"
  packages = ["."]
  pruneopts = ""
  revision = "45d7d09e39ef4ac08d493309fa031790c15bfe8a"
  version = "v1.4.9"

[[projects]]
  branch = "master"
  digest = "1:442f0c649ba886158e3df304d1377389713aaf9cb3735172eaa8f702ae929523"
  name = "github.com/getlantern/context"
  packages = ["."]
  pruneopts = ""
  revision = "c447772a6520c1a3ae6294a7df725ee08230f14e"

[[projects]]
  digest = "1:d2cf01c81bcf732834f8bd8c1d1c45c5150817214e57d70e9e8de6d18c2b2d4a"
  name = "github.com/getlantern/errors"
  packages = ["."]
  pruneopts = ""
  revision = "a9ab113da50539931432278633fc908fb3a8da29"
  version = "v1.0.1"

[[projects]]
  branch = "master"
  digest = "1:60a6451414a61d8e75584fecef58d18c3515a052ad2493698536dd6ecd6bdb38"
  name = "github.com/getlantern/golog"
  packages = ["."]
  pruneopts = ""
  revision = "a8d13dc71777d07a79898619eeb5a4c4456d5446"

[[projects]]
  branch = "master"
  digest = "1:ef7d3553cc70a0406baf828fe62f741777135d1248e7cd96a26f743aa11e6565"
  name = "github.com/getlantern/hex"
  packages = ["."]
  pruneopts = ""
  revision = "c6586a6fe0b7c95eef767657ab1031cbcfc7af66"

[[projects]]
  branch = "master"
  digest = "1:90e60b58fa50ab6ff7719c8281628621ad51cfde6d7cc7ff8f2a793198009f68"
  name = "github.com/getlantern/hidden"
  packages = ["."]
  pruneopts = ""
  revision = "f02dbb02be5552811eec1040d7906424c52ae539"

[[projects]]
  branch = "master"
  digest = "1:eac0d18ac9d6b0470934be1811ec99b86629baf34830292a22a6abfa7f733948"
  name = "github.com/getlantern/ops"
  packages = ["."]
  pruneopts = ""
  revision = "8476b16edcd6719b2399ae70bca5cff3a1547a44"

[[projects]]
  digest = "1:cfb284a1da0eedceda14ddd3cf49cb6f86eb961b386e913de16ccceeefc3aedb"
  name = "github.com/getlantern/systray"
  packages = ["."]
  pruneopts = ""
  revision = "0daad7b8e5bd9533578e674141123f6a264a7454"

[[projects]]
  digest = "1:a01080d20c45c031c13f3828c56e58f4f51d926a482ad10cc0316225097eb7ea"
  name = "github.com/go-stack/stack"
  packages = ["."]
  pruneopts = ""
  revision = "2fee6af1a9795aafbe0253a0cfbdf668e1fb8a9a"
  version = "v1.8.0"

[[projects]]
  digest = "1:732d725e38a66314507710b927152b0a73371064c48588ed7e1bbf4fe24efc7f"
  name = "github.com/gonutz/w32"
  packages = ["."]
  pruneopts = ""
  revision = "1effbc37d65a161d9992626ecf9c57d62a9daa65"
  version = "v1.0.0"

[[projects]]
  digest = "1:b453d4e75b817dda55b21af53a750bc15b7fece8ecfc77cd6a279cdc94223b09"
  name = "github.com/google/go-github"
  packages = ["github"]
  pruneopts = ""
  revision = "e881974953e6ab6d1a6a1610e98ed6401a3aa1ba"
  version = "v32.1.0"

[[projects]]
  digest = "1:cea4aa2038169ee558bf507d5ea02c94ca85bcca28a4c7bb99fd59b31e43a686"
  name = "github.com/google/go-querystring"
  packages = ["query"]
  pruneopts = ""
  revision = "44c6ddd0a2342c386950e880b658017258da92fc"
  version = "v1.0.0"

[[projects]]
  digest = "1:402ddc340a0acc15c3ae29808d923423a111d6d78508ea6d274f259328694878"
  name = "github.com/google/gopacket"
  packages = [
    ".",
    "layers",
    "pcap",
  ]
  pruneopts = ""
  revision = "1a2aa715ae412f434ae0bbb833442d14880cab8a"

[[projects]]
  digest = "1:5122b0b5a933bd0e16b887aa7844933c8a09fb5ba9b5f5651253cb5336c6462a"
  name = "github.com/gorilla/websocket"
  packages = ["."]
  pruneopts = ""
  revision = "b65e62901fc1c0d968042419e74789f6af455eb9"
  version = "v1.4.2"

[[projects]]
  digest = "1:e9ba8bd7f740264f703a41911c9523fb06aaf439dd899cedb263aadddc4be90e"
  name = "github.com/hashicorp/golang-lru"
  packages = [
    ".",
    "simplelru",
  ]
  pruneopts = ""
  revision = "14eae340515388ca95aa8e7b86f0de668e981f54"
  version = "v0.5.4"

[[projects]]
  digest = "1:d14365c51dd1d34d5c79833ec91413bfbb166be978724f15701e17080dc06dec"
  name = "github.com/hashicorp/hcl"
  packages = [
    ".",
    "hcl/ast",
    "hcl/parser",
    "hcl/printer",
    "hcl/scanner",
    "hcl/strconv",
    "hcl/token",
    "json/parser",
    "json/scanner",
    "json/token",
  ]
  pruneopts = ""
  revision = "8cb6e5b959231cc1119e43259c4a608f9c51a241"
  version = "v1.0.0"

[[projects]]
  branch = "master"
  digest = "1:e71cc6b377264002aec0d9c235087e51ad7a3c1fb341bb4baa84709308b94fe8"
  name = "github.com/kardianos/osext"
  packages = ["."]
  pruneopts = ""
  revision = "2bc1f35cddc0cc527b4bc3dce8578fc2a6c11384"

[[projects]]
  digest = "1:aa66445679bec9fcb01754f2608daa918a250f6995f35ad58dda6cf5375ac8c9"
  name = "github.com/kr/binarydist"
  packages = ["."]
  pruneopts = ""
  revision = "88f551ae580780cc79d12ab4c218ba1ca346b83a"
  version = "v0.1.0"

[[projects]]
  digest = "1:eb225f63bee54d66feaf8e1bbf823782bd98a3c2d09aa1e268681b6e7cc83ba3"
  name = "github.com/magiconair/properties"
  packages = ["."]
  pruneopts = ""
  revision = "0e5c09062c2daef666bd279e2d2d9f25f218f2be"
  version = "v1.8.4"

[[projects]]
  digest = "1:040c78e2a456bb7bb0dfebf7d5f7cd229fbc991c440ff80dd8af90d3714dee70"
  name = "github.com/mattn/go-colorable"
  packages = ["."]
  pruneopts = ""
  revision = "2e1b0c1546e0173c0907cf05c67b8ba29ed8b4d1"
  version = "v0.1.8"

[[projects]]
  digest = "1:87fecb4f5564bd9bc810e4c83d4ac434fd17599edc7b35e27580c2cfc48cdb7c"
  name = "github.com/mattn/go-isatty"
  packages = ["."]
  pruneopts = ""
  revision = "7b513a986450394f7bbf1476909911b3aa3a55ce"
  version = "v0.0.12"

[[projects]]
  digest = "1:bcc46a0fbd9e933087bef394871256b5c60269575bb661935874729c65bbbf60"
  name = "github.com/mitchellh/mapstructure"
  packages = ["."]
  pruneopts = ""
  revision = "3536a929edddb9a5b34bd6861dc4a9647cb459fe"

[[projects]]
  digest = "1:2b5ed2cf6e8623bddd5653cffb8c6e462c2390b70186eb01546539aa177bb194"
  name = "github.com/nats-io/go-nats"
  packages = [
    ".",
    "encoders/builtin",
    "util",
  ]
  pruneopts = ""
  revision = "70fe06cee50d4b6f98248d9675fb55f2a3aa7228"
  version = "v1.7.2"

[[projects]]
  digest = "1:f5df948c12bbeb2c2b878e54c24368abe6f1ec75cf689ef492880f39c135c941"
  name = "github.com/nats-io/nkeys"
  packages = ["."]
  pruneopts = ""
  revision = "3653aeb9baf610b5d160bbafc89e3470a47e08c8"
  version = "v0.2.0"

[[projects]]
  digest = "1:9abd194bb617fe4df66607ca59812ca91caeb2053c8c9869d3507939bb63cc0b"
  name = "github.com/nats-io/nuid"
  packages = ["."]
  pruneopts = ""
  revision = "4b96681fa6d28dd0ab5fe79bac63b3a493d9ee94"
  version = "v1.0.1"

[[projects]]
  branch = "master"
  digest = "1:55c48c9cfdf8bab6f4911f621616fbe223c0b72a6df9aab6b172ab7e5cfc6bd2"
  name = "github.com/nu7hatch/gouuid"
  packages = ["."]
  pruneopts = ""
  revision = "179d4d0c4d8d407a32af483c2354df1d2c91e6c3"

[[projects]]
  branch = "master"
  digest = "1:e31ce1491408cf4b359e8defe1dfbfafc3e7f41f571c0bd2e5ca4572c08ce455"
  name = "github.com/oxtoacart/bpool"
  packages = ["."]
  pruneopts = ""
  revision = "03653db5a59cd88b481403d312d7c324b56af377"

[[projects]]
  digest = "1:ac45495363d7d1196669ca7f79c2fc8c826d9b3898d743543f848bcdaf21eaa1"
  name = "github.com/pelletier/go-toml"
  packages = ["."]
  pruneopts = ""
  revision = "65ca8064882c8c308e5c804c5d5443d409e0738c"
  version = "v1.8.1"

[[projects]]
  digest = "1:c3c1a4be77aff06bc198e722f7dedc126c1f8f667ea953d76b5039fe8548e93d"
  name = "github.com/spf13/afero"
  packages = [
    ".",
    "mem",
  ]
  pruneopts = ""
  revision = "efa411e911857ed4705ed931b474891a88f71a73"
  version = "v1.4.1"

[[projects]]
  digest = "1:0a3d8f7dc17afdc30a5a5becb45fb91ff28aaa64645c69836ccd600d88e9ed9e"
  name = "github.com/spf13/cast"
  packages = ["."]
  pruneopts = ""
  revision = "1ffadf551085444af981432dd0f6d1160c11ec64"
  version = "v1.3.1"

[[projects]]
  digest = "1:cc15ae4fbdb02ce31f3392361a70ac041f4f02e0485de8ffac92bd8033e3d26e"
  name = "github.com/spf13/jwalterweatherman"
  packages = ["."]
  pruneopts = ""
  revision = "94f6ae3ed3bceceafa716478c5fbf8d29ca601a1"
  version = "v1.1.0"

[[projects]]
  digest = "1:688428eeb1ca80d92599eb3254bdf91b51d7e232fead3a73844c1f201a281e51"
  name = "github.com/spf13/pflag"
  packages = ["."]
  pruneopts = ""
  revision = "2e9d26c8c37aae03e3f9d4e90b7116f5accb7cab"
  version = "v1.0.5"

[[projects]]
  digest = "1:59d1e705705ae641cfa4be5eaddda5f04c8c7654f08808a8eb552f6b094996e3"
  name = "github.com/spf13/viper"
  packages = ["."]
  pruneopts = ""
  revision = "3826be313591f83193f048520482a7b3cf17d506"
  version = "v1.7.1"

[[projects]]
  digest = "1:e818a738c880c5571b3817e9173add5c598a90f8615fa7a9bafc23fea774a603"
  name = "github.com/subosito/gotenv"
  packages = ["."]
  pruneopts = ""
  revision = "2ef7124db659d49edac6aa459693a15ae36c671a"
  version = "v1.2.0"

[[projects]]
  branch = "master"
  digest = "1:0791d8d05e97744f6db6775336ff708a6890430fc2d8c3ceb798e10b0ede79ed"
  name = "golang.org/x/crypto"
  packages = [
    "cast5",
    "ed25519",
    "ed25519/internal/edwards25519",
    "openpgp",
    "openpgp/armor",
    "openpgp/elgamal",
    "openpgp/errors",
    "openpgp/packet",
    "openpgp/s2k",
  ]
  pruneopts = ""
  revision = "9e8e0b390897c84cad53ebe9ed2d1d331a5394d9"

[[projects]]
  branch = "master"
  digest = "1:cf22290b9659914b3212f7643ea9f217b94eee222b962a1ad4d4f4f71dc8a76d"
  name = "golang.org/x/sys"
  packages = [
    "internal/unsafeheader",
    "unix",
    "windows",
  ]
  pruneopts = ""
  revision = "da207088b7d1961c44ec61e9dc15a73745693ab6"

[[projects]]
  digest = "1:fddc0a63dca46ccbb24699dad1f8a9ac28ebe295c8826f7c251cd86b385ebd39"
  name = "golang.org/x/text"
  packages = [
    "internal/gen",
    "internal/triegen",
    "internal/ucd",
    "transform",
    "unicode/cldr",
    "unicode/norm",
  ]
  pruneopts = ""
  revision = "22f1617af38ed4cd65b3b96e02bab267e560155c"
  version = "v0.3.4"

[[projects]]
  branch = "v0"
  digest = "1:7875aa52db70d816c8d8553cf7a9bc6f823234c56a749b60fa0e1792deb99a40"
  name = "gopkg.in/inconshreveable/go-update.v0"
  packages = [
    ".",
    "download",
  ]
  pruneopts = ""
  revision = "d8b0b1d421aa1cbf392c05869f8abbc669bb7066"

[[projects]]
  digest = "1:c10363c8377ccc6b0d417ba20c037e4bd2fbb5a6e4879873606595804cc22ec6"
  name = "gopkg.in/ini.v1"
  packages = ["."]
  pruneopts = ""
  revision = "5e97220809ffaa826f787728501264e9114cb834"
  version = "v1.62.0"

[[projects]]
  branch = "v1"
  digest = "1:d0dbca2ad152d9128f9fe5b2f2e7c35e35b3ef5b77b99ad4ca20e74797717630"
  name = "gopkg.in/toast.v1"
  packages = ["."]
  pruneopts = ""
  revision = "0a84660828b24d25b35525c9a1f1f51267f8da91"

[[projects]]
  digest = "1:43eca683d801087f3acacfd036474638bc5e293ff6078758d710d99c40ec3f7c"
  name = "gopkg.in/yaml.v2"
  packages = ["."]
  pruneopts = ""
  revision = "0b1645d91e851e735d3e23330303ce81f70adbe3"
  version = "v2.3.0"

[solve-meta]
  analyzer-name = "dep"
  analyzer-version = 1
  input-imports = [
    "github.com/Sirupsen/logrus",
    "github.com/broderickhyman/go-githubupdate/updater",
    "github.com/broderickhyman/photon_spectator",
    "github.com/ctcpip/notifize",
    "github.com/getlantern/systray",
    "github.com/gonutz/w32",
    "github.com/google/gopacket",
    "github.com/google/gopacket/layers",
    "github.com/google/gopacket/pcap",
    "github.com/gorilla/websocket",
    "github.com/mattn/go-colorable",
    "github.com/mitchellh/mapstructure",
    "github.com/nats-io/go-nats",
    "github.com/spf13/viper",
    "golang.org/x/sys/windows",
    "gopkg.in/toast.v1",
  ]
  solver-name = "gps-cdcl"
  solver-version = 1
